// !$*UTF8*$!
{
	archiveVersion = 1;
	classes = {
	};
	objectVersion = 56;
	objects = {

/* Begin PBXBuildFile section */
		9F4603EF2BDBDCE00059EA9C /* LgnRND_ObservationApp.swift in Sources */ = {isa = PBXBuildFile; fileRef = 9F4603EE2BDBDCE00059EA9C /* LgnRND_ObservationApp.swift */; };
		9F4603F12BDBDCE00059EA9C /* ContentView.swift in Sources */ = {isa = PBXBuildFile; fileRef = 9F4603F02BDBDCE00059EA9C /* ContentView.swift */; };
		9F4603F32BDBDCE60059EA9C /* Assets.xcassets in Resources */ = {isa = PBXBuildFile; fileRef = 9F4603F22BDBDCE60059EA9C /* Assets.xcassets */; };
		9F4603F62BDBDCE60059EA9C /* Preview Assets.xcassets in Resources */ = {isa = PBXBuildFile; fileRef = 9F4603F52BDBDCE60059EA9C /* Preview Assets.xcassets */; };
		9F4604002BDBDCE60059EA9C /* LgnRND_ObservationTests.swift in Sources */ = {isa = PBXBuildFile; fileRef = 9F4603FF2BDBDCE60059EA9C /* LgnRND_ObservationTests.swift */; };
		9F46040A2BDBDCE60059EA9C /* LgnRND_ObservationUITests.swift in Sources */ = {isa = PBXBuildFile; fileRef = 9F4604092BDBDCE60059EA9C /* LgnRND_ObservationUITests.swift */; };
		9F46040C2BDBDCE60059EA9C /* LgnRND_ObservationUITestsLaunchTests.swift in Sources */ = {isa = PBXBuildFile; fileRef = 9F46040B2BDBDCE60059EA9C /* LgnRND_ObservationUITestsLaunchTests.swift */; };
		9F4604192BDBDDAD0059EA9C /* Controller_Model_View_v01.swift in Sources */ = {isa = PBXBuildFile; fileRef = 9F4604182BDBDDAD0059EA9C /* Controller_Model_View_v01.swift */; };
		9F46041F2BE121800059EA9C /* Controller_Model_View_02.swift in Sources */ = {isa = PBXBuildFile; fileRef = 9F46041E2BE121800059EA9C /* Controller_Model_View_02.swift */; };
		9F4604212BE12AAE0059EA9C /* Controller_Model_View_03.swift in Sources */ = {isa = PBXBuildFile; fileRef = 9F4604202BE12AAE0059EA9C /* Controller_Model_View_03.swift */; };
		9F4604232BE1315F0059EA9C /* Controller_Model_View_04.swift in Sources */ = {isa = PBXBuildFile; fileRef = 9F4604222BE1315F0059EA9C /* Controller_Model_View_04.swift */; };
		9F4604272BE13E730059EA9C /* Controller_Model_View_05.swift in Sources */ = {isa = PBXBuildFile; fileRef = 9F4604262BE13E730059EA9C /* Controller_Model_View_05.swift */; };
/* End PBXBuildFile section */

/* Begin PBXContainerItemProxy section */
		9F4603FC2BDBDCE60059EA9C /* PBXContainerItemProxy */ = {
			isa = PBXContainerItemProxy;
			containerPortal = 9F4603E32BDBDCE00059EA9C /* Project object */;
			proxyType = 1;
			remoteGlobalIDString = 9F4603EA2BDBDCE00059EA9C;
			remoteInfo = LgnRND_Observation;
		};
		9F4604062BDBDCE60059EA9C /* PBXContainerItemProxy */ = {
			isa = PBXContainerItemProxy;
			containerPortal = 9F4603E32BDBDCE00059EA9C /* Project object */;
			proxyType = 1;
			remoteGlobalIDString = 9F4603EA2BDBDCE00059EA9C;
			remoteInfo = LgnRND_Observation;
		};
/* End PBXContainerItemProxy section */

/* Begin PBXFileReference section */
		9F4603EB2BDBDCE00059EA9C /* LgnRND_Observation_iOS.app */ = {isa = PBXFileReference; explicitFileType = wrapper.application; includeInIndex = 0; path = LgnRND_Observation_iOS.app; sourceTree = BUILT_PRODUCTS_DIR; };
		9F4603EE2BDBDCE00059EA9C /* LgnRND_ObservationApp.swift */ = {isa = PBXFileReference; lastKnownFileType = sourcecode.swift; path = LgnRND_ObservationApp.swift; sourceTree = "<group>"; };
		9F4603F02BDBDCE00059EA9C /* ContentView.swift */ = {isa = PBXFileReference; lastKnownFileType = sourcecode.swift; path = ContentView.swift; sourceTree = "<group>"; };
		9F4603F22BDBDCE60059EA9C /* Assets.xcassets */ = {isa = PBXFileReference; lastKnownFileType = folder.assetcatalog; path = Assets.xcassets; sourceTree = "<group>"; };
		9F4603F52BDBDCE60059EA9C /* Preview Assets.xcassets */ = {isa = PBXFileReference; lastKnownFileType = folder.assetcatalog; path = "Preview Assets.xcassets"; sourceTree = "<group>"; };
		9F4603FB2BDBDCE60059EA9C /* LgnRND_ObservationTests_iOS.xctest */ = {isa = PBXFileReference; explicitFileType = wrapper.cfbundle; includeInIndex = 0; path = LgnRND_ObservationTests_iOS.xctest; sourceTree = BUILT_PRODUCTS_DIR; };
		9F4603FF2BDBDCE60059EA9C /* LgnRND_ObservationTests.swift */ = {isa = PBXFileReference; lastKnownFileType = sourcecode.swift; path = LgnRND_ObservationTests.swift; sourceTree = "<group>"; };
		9F4604052BDBDCE60059EA9C /* LgnRND_ObservationUITests_iOS.xctest */ = {isa = PBXFileReference; explicitFileType = wrapper.cfbundle; includeInIndex = 0; path = LgnRND_ObservationUITests_iOS.xctest; sourceTree = BUILT_PRODUCTS_DIR; };
		9F4604092BDBDCE60059EA9C /* LgnRND_ObservationUITests.swift */ = {isa = PBXFileReference; lastKnownFileType = sourcecode.swift; path = LgnRND_ObservationUITests.swift; sourceTree = "<group>"; };
		9F46040B2BDBDCE60059EA9C /* LgnRND_ObservationUITestsLaunchTests.swift */ = {isa = PBXFileReference; lastKnownFileType = sourcecode.swift; path = LgnRND_ObservationUITestsLaunchTests.swift; sourceTree = "<group>"; };
		9F4604182BDBDDAD0059EA9C /* Controller_Model_View_v01.swift */ = {isa = PBXFileReference; lastKnownFileType = sourcecode.swift; path = Controller_Model_View_v01.swift; sourceTree = "<group>"; };
		9F46041E2BE121800059EA9C /* Controller_Model_View_02.swift */ = {isa = PBXFileReference; lastKnownFileType = sourcecode.swift; path = Controller_Model_View_02.swift; sourceTree = "<group>"; };
		9F4604202BE12AAE0059EA9C /* Controller_Model_View_03.swift */ = {isa = PBXFileReference; lastKnownFileType = sourcecode.swift; path = Controller_Model_View_03.swift; sourceTree = "<group>"; };
		9F4604222BE1315F0059EA9C /* Controller_Model_View_04.swift */ = {isa = PBXFileReference; lastKnownFileType = sourcecode.swift; path = Controller_Model_View_04.swift; sourceTree = "<group>"; };
		9F4604262BE13E730059EA9C /* Controller_Model_View_05.swift */ = {isa = PBXFileReference; lastKnownFileType = sourcecode.swift; path = Controller_Model_View_05.swift; sourceTree = "<group>"; };
/* End PBXFileReference section */

/* Begin PBXFrameworksBuildPhase section */
		9F4603E82BDBDCE00059EA9C /* Frameworks */ = {
			isa = PBXFrameworksBuildPhase;
			buildActionMask = 2147483647;
			files = (
			);
			runOnlyForDeploymentPostprocessing = 0;
		};
		9F4603F82BDBDCE60059EA9C /* Frameworks */ = {
			isa = PBXFrameworksBuildPhase;
			buildActionMask = 2147483647;
			files = (
			);
			runOnlyForDeploymentPostprocessing = 0;
		};
		9F4604022BDBDCE60059EA9C /* Frameworks */ = {
			isa = PBXFrameworksBuildPhase;
			buildActionMask = 2147483647;
			files = (
			);
			runOnlyForDeploymentPostprocessing = 0;
		};
/* End PBXFrameworksBuildPhase section */

/* Begin PBXGroup section */
		9F4603E22BDBDCE00059EA9C = {
			isa = PBXGroup;
			children = (
				9F4603ED2BDBDCE00059EA9C /* iOS */,
				9F4603FE2BDBDCE60059EA9C /* iOSTests */,
				9F4604082BDBDCE60059EA9C /* iOSUITests */,
				9F4603EC2BDBDCE00059EA9C /* Products */,
			);
			sourceTree = "<group>";
		};
		9F4603EC2BDBDCE00059EA9C /* Products */ = {
			isa = PBXGroup;
			children = (
				9F4603EB2BDBDCE00059EA9C /* LgnRND_Observation_iOS.app */,
				9F4603FB2BDBDCE60059EA9C /* LgnRND_ObservationTests_iOS.xctest */,
				9F4604052BDBDCE60059EA9C /* LgnRND_ObservationUITests_iOS.xctest */,
			);
			name = Products;
			sourceTree = "<group>";
		};
		9F4603ED2BDBDCE00059EA9C /* iOS */ = {
			isa = PBXGroup;
			children = (
				9F4603EE2BDBDCE00059EA9C /* LgnRND_ObservationApp.swift */,
				9F4603F02BDBDCE00059EA9C /* ContentView.swift */,
				9F4604182BDBDDAD0059EA9C /* Controller_Model_View_v01.swift */,
				9F46041E2BE121800059EA9C /* Controller_Model_View_02.swift */,
				9F4604202BE12AAE0059EA9C /* Controller_Model_View_03.swift */,
				9F4604222BE1315F0059EA9C /* Controller_Model_View_04.swift */,
				9F4604262BE13E730059EA9C /* Controller_Model_View_05.swift */,
				9F4603F22BDBDCE60059EA9C /* Assets.xcassets */,
				9F4603F42BDBDCE60059EA9C /* Preview Content */,
			);
			path = iOS;
			sourceTree = "<group>";
		};
		9F4603F42BDBDCE60059EA9C /* Preview Content */ = {
			isa = PBXGroup;
			children = (
				9F4603F52BDBDCE60059EA9C /* Preview Assets.xcassets */,
			);
			path = "Preview Content";
			sourceTree = "<group>";
		};
		9F4603FE2BDBDCE60059EA9C /* iOSTests */ = {
			isa = PBXGroup;
			children = (
				9F4603FF2BDBDCE60059EA9C /* LgnRND_ObservationTests.swift */,
			);
			path = iOSTests;
			sourceTree = "<group>";
		};
		9F4604082BDBDCE60059EA9C /* iOSUITests */ = {
			isa = PBXGroup;
			children = (
				9F4604092BDBDCE60059EA9C /* LgnRND_ObservationUITests.swift */,
				9F46040B2BDBDCE60059EA9C /* LgnRND_ObservationUITestsLaunchTests.swift */,
			);
			path = iOSUITests;
			sourceTree = "<group>";
		};
/* End PBXGroup section */

/* Begin PBXNativeTarget section */
		9F4603EA2BDBDCE00059EA9C /* LgnRND_Observation_iOS */ = {
			isa = PBXNativeTarget;
			buildConfigurationList = 9F46040F2BDBDCE60059EA9C /* Build configuration list for PBXNativeTarget "LgnRND_Observation_iOS" */;
			buildPhases = (
				9F4603E72BDBDCE00059EA9C /* Sources */,
				9F4603E82BDBDCE00059EA9C /* Frameworks */,
				9F4603E92BDBDCE00059EA9C /* Resources */,
			);
			buildRules = (
			);
			dependencies = (
			);
			name = LgnRND_Observation_iOS;
			productName = LgnRND_Observation;
			productReference = 9F4603EB2BDBDCE00059EA9C /* LgnRND_Observation_iOS.app */;
			productType = "com.apple.product-type.application";
		};
		9F4603FA2BDBDCE60059EA9C /* LgnRND_ObservationTests_iOS */ = {
			isa = PBXNativeTarget;
			buildConfigurationList = 9F4604122BDBDCE60059EA9C /* Build configuration list for PBXNativeTarget "LgnRND_ObservationTests_iOS" */;
			buildPhases = (
				9F4603F72BDBDCE60059EA9C /* Sources */,
				9F4603F82BDBDCE60059EA9C /* Frameworks */,
				9F4603F92BDBDCE60059EA9C /* Resources */,
			);
			buildRules = (
			);
			dependencies = (
				9F4603FD2BDBDCE60059EA9C /* PBXTargetDependency */,
			);
			name = LgnRND_ObservationTests_iOS;
			productName = LgnRND_ObservationTests;
			productReference = 9F4603FB2BDBDCE60059EA9C /* LgnRND_ObservationTests_iOS.xctest */;
			productType = "com.apple.product-type.bundle.unit-test";
		};
		9F4604042BDBDCE60059EA9C /* LgnRND_ObservationUITests_iOS */ = {
			isa = PBXNativeTarget;
			buildConfigurationList = 9F4604152BDBDCE60059EA9C /* Build configuration list for PBXNativeTarget "LgnRND_ObservationUITests_iOS" */;
			buildPhases = (
				9F4604012BDBDCE60059EA9C /* Sources */,
				9F4604022BDBDCE60059EA9C /* Frameworks */,
				9F4604032BDBDCE60059EA9C /* Resources */,
			);
			buildRules = (
			);
			dependencies = (
				9F4604072BDBDCE60059EA9C /* PBXTargetDependency */,
			);
			name = LgnRND_ObservationUITests_iOS;
			productName = LgnRND_ObservationUITests;
			productReference = 9F4604052BDBDCE60059EA9C /* LgnRND_ObservationUITests_iOS.xctest */;
			productType = "com.apple.product-type.bundle.ui-testing";
		};
/* End PBXNativeTarget section */

/* Begin PBXProject section */
		9F4603E32BDBDCE00059EA9C /* Project object */ = {
			isa = PBXProject;
			attributes = {
				BuildIndependentTargetsInParallel = 1;
				LastSwiftUpdateCheck = 1530;
				LastUpgradeCheck = 1530;
				TargetAttributes = {
					9F4603EA2BDBDCE00059EA9C = {
						CreatedOnToolsVersion = 15.3;
					};
					9F4603FA2BDBDCE60059EA9C = {
						CreatedOnToolsVersion = 15.3;
						TestTargetID = 9F4603EA2BDBDCE00059EA9C;
					};
					9F4604042BDBDCE60059EA9C = {
						CreatedOnToolsVersion = 15.3;
						TestTargetID = 9F4603EA2BDBDCE00059EA9C;
					};
				};
			};
			buildConfigurationList = 9F4603E62BDBDCE00059EA9C /* Build configuration list for PBXProject "LgnRND_Observation" */;
			compatibilityVersion = "Xcode 14.0";
			developmentRegion = en;
			hasScannedForEncodings = 0;
			knownRegions = (
				en,
				Base,
			);
			mainGroup = 9F4603E22BDBDCE00059EA9C;
			productRefGroup = 9F4603EC2BDBDCE00059EA9C /* Products */;
			projectDirPath = "";
			projectRoot = "";
			targets = (
				9F4603EA2BDBDCE00059EA9C /* LgnRND_Observation_iOS */,
				9F4603FA2BDBDCE60059EA9C /* LgnRND_ObservationTests_iOS */,
				9F4604042BDBDCE60059EA9C /* LgnRND_ObservationUITests_iOS */,
			);
		};
/* End PBXProject section */

/* Begin PBXResourcesBuildPhase section */
		9F4603E92BDBDCE00059EA9C /* Resources */ = {
			isa = PBXResourcesBuildPhase;
			buildActionMask = 2147483647;
			files = (
				9F4603F62BDBDCE60059EA9C /* Preview Assets.xcassets in Resources */,
				9F4603F32BDBDCE60059EA9C /* Assets.xcassets in Resources */,
			);
			runOnlyForDeploymentPostprocessing = 0;
		};
		9F4603F92BDBDCE60059EA9C /* Resources */ = {
			isa = PBXResourcesBuildPhase;
			buildActionMask = 2147483647;
			files = (
			);
			runOnlyForDeploymentPostprocessing = 0;
		};
		9F4604032BDBDCE60059EA9C /* Resources */ = {
			isa = PBXResourcesBuildPhase;
			buildActionMask = 2147483647;
			files = (
			);
			runOnlyForDeploymentPostprocessing = 0;
		};
/* End PBXResourcesBuildPhase section */

/* Begin PBXSourcesBuildPhase section */
		9F4603E72BDBDCE00059EA9C /* Sources */ = {
			isa = PBXSourcesBuildPhase;
			buildActionMask = 2147483647;
			files = (
				9F4604192BDBDDAD0059EA9C /* Controller_Model_View_v01.swift in Sources */,
				9F4603F12BDBDCE00059EA9C /* ContentView.swift in Sources */,
				9F4604232BE1315F0059EA9C /* Controller_Model_View_04.swift in Sources */,
				9F4604272BE13E730059EA9C /* Controller_Model_View_05.swift in Sources */,
				9F46041F2BE121800059EA9C /* Controller_Model_View_02.swift in Sources */,
				9F4604212BE12AAE0059EA9C /* Controller_Model_View_03.swift in Sources */,
				9F4603EF2BDBDCE00059EA9C /* LgnRND_ObservationApp.swift in Sources */,
			);
			runOnlyForDeploymentPostprocessing = 0;
		};
		9F4603F72BDBDCE60059EA9C /* Sources */ = {
			isa = PBXSourcesBuildPhase;
			buildActionMask = 2147483647;
			files = (
				9F4604002BDBDCE60059EA9C /* LgnRND_ObservationTests.swift in Sources */,
			);
			runOnlyForDeploymentPostprocessing = 0;
		};
		9F4604012BDBDCE60059EA9C /* Sources */ = {
			isa = PBXSourcesBuildPhase;
			buildActionMask = 2147483647;
			files = (
				9F46040C2BDBDCE60059EA9C /* LgnRND_ObservationUITestsLaunchTests.swift in Sources */,
				9F46040A2BDBDCE60059EA9C /* LgnRND_ObservationUITests.swift in Sources */,
			);
			runOnlyForDeploymentPostprocessing = 0;
		};
/* End PBXSourcesBuildPhase section */

/* Begin PBXTargetDependency section */
		9F4603FD2BDBDCE60059EA9C /* PBXTargetDependency */ = {
			isa = PBXTargetDependency;
			target = 9F4603EA2BDBDCE00059EA9C /* LgnRND_Observation_iOS */;
			targetProxy = 9F4603FC2BDBDCE60059EA9C /* PBXContainerItemProxy */;
		};
		9F4604072BDBDCE60059EA9C /* PBXTargetDependency */ = {
			isa = PBXTargetDependency;
			target = 9F4603EA2BDBDCE00059EA9C /* LgnRND_Observation_iOS */;
			targetProxy = 9F4604062BDBDCE60059EA9C /* PBXContainerItemProxy */;
		};
/* End PBXTargetDependency section */

/* Begin XCBuildConfiguration section */
		9F46040D2BDBDCE60059EA9C /* Debug */ = {
			isa = XCBuildConfiguration;
			buildSettings = {
				ALWAYS_SEARCH_USER_PATHS = NO;
				ASSETCATALOG_COMPILER_GENERATE_SWIFT_ASSET_SYMBOL_EXTENSIONS = YES;
				CLANG_ANALYZER_NONNULL = YES;
				CLANG_ANALYZER_NUMBER_OBJECT_CONVERSION = YES_AGGRESSIVE;
				CLANG_CXX_LANGUAGE_STANDARD = "gnu++20";
				CLANG_ENABLE_MODULES = YES;
				CLANG_ENABLE_OBJC_ARC = YES;
				CLANG_ENABLE_OBJC_WEAK = YES;
				CLANG_WARN_BLOCK_CAPTURE_AUTORELEASING = YES;
				CLANG_WARN_BOOL_CONVERSION = YES;
				CLANG_WARN_COMMA = YES;
				CLANG_WARN_CONSTANT_CONVERSION = YES;
				CLANG_WARN_DEPRECATED_OBJC_IMPLEMENTATIONS = YES;
				CLANG_WARN_DIRECT_OBJC_ISA_USAGE = YES_ERROR;
				CLANG_WARN_DOCUMENTATION_COMMENTS = YES;
				CLANG_WARN_EMPTY_BODY = YES;
				CLANG_WARN_ENUM_CONVERSION = YES;
				CLANG_WARN_INFINITE_RECURSION = YES;
				CLANG_WARN_INT_CONVERSION = YES;
				CLANG_WARN_NON_LITERAL_NULL_CONVERSION = YES;
				CLANG_WARN_OBJC_IMPLICIT_RETAIN_SELF = YES;
				CLANG_WARN_OBJC_LITERAL_CONVERSION = YES;
				CLANG_WARN_OBJC_ROOT_CLASS = YES_ERROR;
				CLANG_WARN_QUOTED_INCLUDE_IN_FRAMEWORK_HEADER = YES;
				CLANG_WARN_RANGE_LOOP_ANALYSIS = YES;
				CLANG_WARN_STRICT_PROTOTYPES = YES;
				CLANG_WARN_SUSPICIOUS_MOVE = YES;
				CLANG_WARN_UNGUARDED_AVAILABILITY = YES_AGGRESSIVE;
				CLANG_WARN_UNREACHABLE_CODE = YES;
				CLANG_WARN__DUPLICATE_METHOD_MATCH = YES;
				COPY_PHASE_STRIP = NO;
				DEBUG_INFORMATION_FORMAT = dwarf;
				ENABLE_STRICT_OBJC_MSGSEND = YES;
				ENABLE_TESTABILITY = YES;
				ENABLE_USER_SCRIPT_SANDBOXING = YES;
				GCC_C_LANGUAGE_STANDARD = gnu17;
				GCC_DYNAMIC_NO_PIC = NO;
				GCC_NO_COMMON_BLOCKS = YES;
				GCC_OPTIMIZATION_LEVEL = 0;
				GCC_PREPROCESSOR_DEFINITIONS = (
					"DEBUG=1",
					"$(inherited)",
				);
				GCC_WARN_64_TO_32_BIT_CONVERSION = YES;
				GCC_WARN_ABOUT_RETURN_TYPE = YES_ERROR;
				GCC_WARN_UNDECLARED_SELECTOR = YES;
				GCC_WARN_UNINITIALIZED_AUTOS = YES_AGGRESSIVE;
				GCC_WARN_UNUSED_FUNCTION = YES;
				GCC_WARN_UNUSED_VARIABLE = YES;
				IPHONEOS_DEPLOYMENT_TARGET = 17.4;
				LOCALIZATION_PREFERS_STRING_CATALOGS = YES;
				MTL_ENABLE_DEBUG_INFO = INCLUDE_SOURCE;
				MTL_FAST_MATH = YES;
				ONLY_ACTIVE_ARCH = YES;
				SDKROOT = iphoneos;
				SWIFT_ACTIVE_COMPILATION_CONDITIONS = "DEBUG $(inherited)";
				SWIFT_OPTIMIZATION_LEVEL = "-Onone";
			};
			name = Debug;
		};
		9F46040E2BDBDCE60059EA9C /* Release */ = {
			isa = XCBuildConfiguration;
			buildSettings = {
				ALWAYS_SEARCH_USER_PATHS = NO;
				ASSETCATALOG_COMPILER_GENERATE_SWIFT_ASSET_SYMBOL_EXTENSIONS = YES;
				CLANG_ANALYZER_NONNULL = YES;
				CLANG_ANALYZER_NUMBER_OBJECT_CONVERSION = YES_AGGRESSIVE;
				CLANG_CXX_LANGUAGE_STANDARD = "gnu++20";
				CLANG_ENABLE_MODULES = YES;
				CLANG_ENABLE_OBJC_ARC = YES;
				CLANG_ENABLE_OBJC_WEAK = YES;
				CLANG_WARN_BLOCK_CAPTURE_AUTORELEASING = YES;
				CLANG_WARN_BOOL_CONVERSION = YES;
				CLANG_WARN_COMMA = YES;
				CLANG_WARN_CONSTANT_CONVERSION = YES;
				CLANG_WARN_DEPRECATED_OBJC_IMPLEMENTATIONS = YES;
				CLANG_WARN_DIRECT_OBJC_ISA_USAGE = YES_ERROR;
				CLANG_WARN_DOCUMENTATION_COMMENTS = YES;
				CLANG_WARN_EMPTY_BODY = YES;
				CLANG_WARN_ENUM_CONVERSION = YES;
				CLANG_WARN_INFINITE_RECURSION = YES;
				CLANG_WARN_INT_CONVERSION = YES;
				CLANG_WARN_NON_LITERAL_NULL_CONVERSION = YES;
				CLANG_WARN_OBJC_IMPLICIT_RETAIN_SELF = YES;
				CLANG_WARN_OBJC_LITERAL_CONVERSION = YES;
				CLANG_WARN_OBJC_ROOT_CLASS = YES_ERROR;
				CLANG_WARN_QUOTED_INCLUDE_IN_FRAMEWORK_HEADER = YES;
				CLANG_WARN_RANGE_LOOP_ANALYSIS = YES;
				CLANG_WARN_STRICT_PROTOTYPES = YES;
				CLANG_WARN_SUSPICIOUS_MOVE = YES;
				CLANG_WARN_UNGUARDED_AVAILABILITY = YES_AGGRESSIVE;
				CLANG_WARN_UNREACHABLE_CODE = YES;
				CLANG_WARN__DUPLICATE_METHOD_MATCH = YES;
				COPY_PHASE_STRIP = NO;
				DEBUG_INFORMATION_FORMAT = "dwarf-with-dsym";
				ENABLE_NS_ASSERTIONS = NO;
				ENABLE_STRICT_OBJC_MSGSEND = YES;
				ENABLE_USER_SCRIPT_SANDBOXING = YES;
				GCC_C_LANGUAGE_STANDARD = gnu17;
				GCC_NO_COMMON_BLOCKS = YES;
				GCC_WARN_64_TO_32_BIT_CONVERSION = YES;
				GCC_WARN_ABOUT_RETURN_TYPE = YES_ERROR;
				GCC_WARN_UNDECLARED_SELECTOR = YES;
				GCC_WARN_UNINITIALIZED_AUTOS = YES_AGGRESSIVE;
				GCC_WARN_UNUSED_FUNCTION = YES;
				GCC_WARN_UNUSED_VARIABLE = YES;
				IPHONEOS_DEPLOYMENT_TARGET = 17.4;
				LOCALIZATION_PREFERS_STRING_CATALOGS = YES;
				MTL_ENABLE_DEBUG_INFO = NO;
				MTL_FAST_MATH = YES;
				SDKROOT = iphoneos;
				SWIFT_COMPILATION_MODE = wholemodule;
				VALIDATE_PRODUCT = YES;
			};
			name = Release;
		};
		9F4604102BDBDCE60059EA9C /* Debug */ = {
			isa = XCBuildConfiguration;
			buildSettings = {
				ASSETCATALOG_COMPILER_APPICON_NAME = AppIcon;
				ASSETCATALOG_COMPILER_GLOBAL_ACCENT_COLOR_NAME = AccentColor;
				CODE_SIGN_STYLE = Automatic;
				CURRENT_PROJECT_VERSION = 1;
				DEVELOPMENT_ASSET_PATHS = "";
				DEVELOPMENT_TEAM = UE8YWDNEAR;
				ENABLE_PREVIEWS = YES;
				GENERATE_INFOPLIST_FILE = YES;
				INFOPLIST_KEY_UIApplicationSceneManifest_Generation = YES;
				INFOPLIST_KEY_UIApplicationSupportsIndirectInputEvents = YES;
				INFOPLIST_KEY_UILaunchScreen_Generation = YES;
				INFOPLIST_KEY_UISupportedInterfaceOrientations_iPad = "UIInterfaceOrientationPortrait UIInterfaceOrientationPortraitUpsideDown UIInterfaceOrientationLandscapeLeft UIInterfaceOrientationLandscapeRight";
				INFOPLIST_KEY_UISupportedInterfaceOrientations_iPhone = "UIInterfaceOrientationPortrait UIInterfaceOrientationLandscapeLeft UIInterfaceOrientationLandscapeRight";
				LD_RUNPATH_SEARCH_PATHS = (
					"$(inherited)",
					"@executable_path/Frameworks",
				);
				MARKETING_VERSION = 1.0;
				PRODUCT_BUNDLE_IDENTIFIER = "local.LgnRND-Observation";
				PRODUCT_NAME = "$(TARGET_NAME)";
				SWIFT_EMIT_LOC_STRINGS = YES;
				SWIFT_VERSION = 5.0;
				TARGETED_DEVICE_FAMILY = "1,2";
			};
			name = Debug;
		};
		9F4604112BDBDCE60059EA9C /* Release */ = {
			isa = XCBuildConfiguration;
			buildSettings = {
				ASSETCATALOG_COMPILER_APPICON_NAME = AppIcon;
				ASSETCATALOG_COMPILER_GLOBAL_ACCENT_COLOR_NAME = AccentColor;
				CODE_SIGN_STYLE = Automatic;
				CURRENT_PROJECT_VERSION = 1;
				DEVELOPMENT_ASSET_PATHS = "";
				DEVELOPMENT_TEAM = UE8YWDNEAR;
				ENABLE_PREVIEWS = YES;
				GENERATE_INFOPLIST_FILE = YES;
				INFOPLIST_KEY_UIApplicationSceneManifest_Generation = YES;
				INFOPLIST_KEY_UIApplicationSupportsIndirectInputEvents = YES;
				INFOPLIST_KEY_UILaunchScreen_Generation = YES;
				INFOPLIST_KEY_UISupportedInterfaceOrientations_iPad = "UIInterfaceOrientationPortrait UIInterfaceOrientationPortraitUpsideDown UIInterfaceOrientationLandscapeLeft UIInterfaceOrientationLandscapeRight";
				INFOPLIST_KEY_UISupportedInterfaceOrientations_iPhone = "UIInterfaceOrientationPortrait UIInterfaceOrientationLandscapeLeft UIInterfaceOrientationLandscapeRight";
				LD_RUNPATH_SEARCH_PATHS = (
					"$(inherited)",
					"@executable_path/Frameworks",
				);
				MARKETING_VERSION = 1.0;
				PRODUCT_BUNDLE_IDENTIFIER = "local.LgnRND-Observation";
				PRODUCT_NAME = "$(TARGET_NAME)";
				SWIFT_EMIT_LOC_STRINGS = YES;
				SWIFT_VERSION = 5.0;
				TARGETED_DEVICE_FAMILY = "1,2";
			};
			name = Release;
		};
		9F4604132BDBDCE60059EA9C /* Debug */ = {
			isa = XCBuildConfiguration;
			buildSettings = {
				ALWAYS_EMBED_SWIFT_STANDARD_LIBRARIES = YES;
				BUNDLE_LOADER = "$(TEST_HOST)";
				CODE_SIGN_STYLE = Automatic;
				CURRENT_PROJECT_VERSION = 1;
				DEVELOPMENT_TEAM = UE8YWDNEAR;
				GENERATE_INFOPLIST_FILE = YES;
				IPHONEOS_DEPLOYMENT_TARGET = 17.4;
				MARKETING_VERSION = 1.0;
				PRODUCT_BUNDLE_IDENTIFIER = "local.LgnRND-ObservationTests";
				PRODUCT_NAME = "$(TARGET_NAME)";
				SWIFT_EMIT_LOC_STRINGS = NO;
				SWIFT_VERSION = 5.0;
				TARGETED_DEVICE_FAMILY = "1,2";
				TEST_HOST = "$(BUILT_PRODUCTS_DIR)/LgnRND_Observation.app/$(BUNDLE_EXECUTABLE_FOLDER_PATH)/LgnRND_Observation";
			};
			name = Debug;
		};
		9F4604142BDBDCE60059EA9C /* Release */ = {
			isa = XCBuildConfiguration;
			buildSettings = {
				ALWAYS_EMBED_SWIFT_STANDARD_LIBRARIES = YES;
				BUNDLE_LOADER = "$(TEST_HOST)";
				CODE_SIGN_STYLE = Automatic;
				CURRENT_PROJECT_VERSION = 1;
				DEVELOPMENT_TEAM = UE8YWDNEAR;
				GENERATE_INFOPLIST_FILE = YES;
				IPHONEOS_DEPLOYMENT_TARGET = 17.4;
				MARKETING_VERSION = 1.0;
				PRODUCT_BUNDLE_IDENTIFIER = "local.LgnRND-ObservationTests";
				PRODUCT_NAME = "$(TARGET_NAME)";
				SWIFT_EMIT_LOC_STRINGS = NO;
				SWIFT_VERSION = 5.0;
				TARGETED_DEVICE_FAMILY = "1,2";
				TEST_HOST = "$(BUILT_PRODUCTS_DIR)/LgnRND_Observation.app/$(BUNDLE_EXECUTABLE_FOLDER_PATH)/LgnRND_Observation";
			};
			name = Release;
		};
		9F4604162BDBDCE60059EA9C /* Debug */ = {
			isa = XCBuildConfiguration;
			buildSettings = {
				ALWAYS_EMBED_SWIFT_STANDARD_LIBRARIES = YES;
				CODE_SIGN_STYLE = Automatic;
				CURRENT_PROJECT_VERSION = 1;
				DEVELOPMENT_TEAM = UE8YWDNEAR;
				GENERATE_INFOPLIST_FILE = YES;
				MARKETING_VERSION = 1.0;
				PRODUCT_BUNDLE_IDENTIFIER = "local.LgnRND-ObservationUITests";
				PRODUCT_NAME = "$(TARGET_NAME)";
				SWIFT_EMIT_LOC_STRINGS = NO;
				SWIFT_VERSION = 5.0;
				TARGETED_DEVICE_FAMILY = "1,2";
				TEST_TARGET_NAME = LgnRND_Observation;
			};
			name = Debug;
		};
		9F4604172BDBDCE60059EA9C /* Release */ = {
			isa = XCBuildConfiguration;
			buildSettings = {
				ALWAYS_EMBED_SWIFT_STANDARD_LIBRARIES = YES;
				CODE_SIGN_STYLE = Automatic;
				CURRENT_PROJECT_VERSION = 1;
				DEVELOPMENT_TEAM = UE8YWDNEAR;
				GENERATE_INFOPLIST_FILE = YES;
				MARKETING_VERSION = 1.0;
				PRODUCT_BUNDLE_IDENTIFIER = "local.LgnRND-ObservationUITests";
				PRODUCT_NAME = "$(TARGET_NAME)";
				SWIFT_EMIT_LOC_STRINGS = NO;
				SWIFT_VERSION = 5.0;
				TARGETED_DEVICE_FAMILY = "1,2";
				TEST_TARGET_NAME = LgnRND_Observation;
			};
			name = Release;
		};
/* End XCBuildConfiguration section */

/* Begin XCConfigurationList section */
		9F4603E62BDBDCE00059EA9C /* Build configuration list for PBXProject "LgnRND_Observation" */ = {
			isa = XCConfigurationList;
			buildConfigurations = (
				9F46040D2BDBDCE60059EA9C /* Debug */,
				9F46040E2BDBDCE60059EA9C /* Release */,
			);
			defaultConfigurationIsVisible = 0;
			defaultConfigurationName = Release;
		};
		9F46040F2BDBDCE60059EA9C /* Build configuration list for PBXNativeTarget "LgnRND_Observation_iOS" */ = {
			isa = XCConfigurationList;
			buildConfigurations = (
				9F4604102BDBDCE60059EA9C /* Debug */,
				9F4604112BDBDCE60059EA9C /* Release */,
			);
			defaultConfigurationIsVisible = 0;
			defaultConfigurationName = Release;
		};
		9F4604122BDBDCE60059EA9C /* Build configuration list for PBXNativeTarget "LgnRND_ObservationTests_iOS" */ = {
			isa = XCConfigurationList;
			buildConfigurations = (
				9F4604132BDBDCE60059EA9C /* Debug */,
				9F4604142BDBDCE60059EA9C /* Release */,
			);
			defaultConfigurationIsVisible = 0;
			defaultConfigurationName = Release;
		};
		9F4604152BDBDCE60059EA9C /* Build configuration list for PBXNativeTarget "LgnRND_ObservationUITests_iOS" */ = {
			isa = XCConfigurationList;
			buildConfigurations = (
				9F4604162BDBDCE60059EA9C /* Debug */,
				9F4604172BDBDCE60059EA9C /* Release */,
			);
			defaultConfigurationIsVisible = 0;
			defaultConfigurationName = Release;
		};
/* End XCConfigurationList section */
	};
	rootObject = 9F4603E32BDBDCE00059EA9C /* Project object */;
}
